
Microsoft Visual Studio Solution File, Format Version 12.00
# Visual Studio Version 17
VisualStudioVersion = 17.11.34909.67
MinimumVisualStudioVersion = 10.0.40219.1
Project("{9A19103F-16F7-4668-BE54-9A1E7A4F7556}") = "CseHelp.Web", "CseHelp.Web\CseHelp.Web.csproj", "{2907BAD2-6BC3-4BFD-B627-5121A2B217F3}"
EndProject
Project("{FAE04EC0-301F-11D3-BF4B-00C04F79EFBC}") = "CseHelp.Models", "CseHelp.Models\CseHelp.Models.csproj", "{58C35764-822F-4A75-89F3-0054A08878DC}"
EndProject
Project("{FAE04EC0-301F-11D3-BF4B-00C04F79EFBC}") = "CseHelp.DataAccess", "CseHelp.DataAccess\CseHelp.DataAccess.csproj", "{EFD26788-C341-4DF6-9C30-8FEA8F904C0A}"
EndProject
Global
	GlobalSection(SolutionConfigurationPlatforms) = preSolution
		Debug|Any CPU = Debug|Any CPU
		Release|Any CPU = Release|Any CPU
	EndGlobalSection
	GlobalSection(ProjectConfigurationPlatforms) = postSolution
		{2907BAD2-6BC3-4BFD-B627-5121A2B217F3}.Debug|Any CPU.ActiveCfg = Debug|Any CPU
		{2907BAD2-6BC3-4BFD-B627-5121A2B217F3}.Debug|Any CPU.Build.0 = Debug|Any CPU
		{2907BAD2-6BC3-4BFD-B627-5121A2B217F3}.Release|Any CPU.ActiveCfg = Release|Any CPU
		{2907BAD2-6BC3-4BFD-B627-5121A2B217F3}.Release|Any CPU.Build.0 = Release|Any CPU
		{58C35764-822F-4A75-89F3-0054A08878DC}.Debug|Any CPU.ActiveCfg = Debug|Any CPU
		{58C35764-822F-4A75-89F3-0054A08878DC}.Debug|Any CPU.Build.0 = Debug|Any CPU
		{58C35764-822F-4A75-89F3-0054A08878DC}.Release|Any CPU.ActiveCfg = Release|Any CPU
		{58C35764-822F-4A75-89F3-0054A08878DC}.Release|Any CPU.Build.0 = Release|Any CPU
		{EFD26788-C341-4DF6-9C30-8FEA8F904C0A}.Debug|Any CPU.ActiveCfg = Debug|Any CPU
		{EFD26788-C341-4DF6-9C30-8FEA8F904C0A}.Debug|Any CPU.Build.0 = Debug|Any CPU
		{EFD26788-C341-4DF6-9C30-8FEA8F904C0A}.Release|Any CPU.ActiveCfg = Release|Any CPU
		{EFD26788-C341-4DF6-9C30-8FEA8F904C0A}.Release|Any CPU.Build.0 = Release|Any CPU
	EndGlobalSection
	GlobalSection(SolutionProperties) = preSolution
		HideSolutionNode = FALSE
	EndGlobalSection
	GlobalSection(ExtensibilityGlobals) = postSolution
		SolutionGuid = {445BC0ED-40B1-44C2-B4E9-F0430DE41C6C}
	EndGlobalSection
EndGlobal
